
Microsoft Visual Studio Solution File, Format Version 12.00
# Visual Studio Version 17
VisualStudioVersion = 17.9.34616.47
MinimumVisualStudioVersion = 10.0.40219.1
Project("{FAE04EC0-301F-11D3-BF4B-00C04F79EFBC}") = "Cpp_app_227", "Cpp_app_227.csproj", "{49AE411B-042B-44AA-B50D-7D4B4CB8050B}"
EndProject
Project("{FAE04EC0-301F-11D3-BF4B-00C04F79EFBC}") = "Classes", "Classes\Classes.csproj", "{F5D26533-3199-4966-A2B5-A4C7A0DAE481}"
EndProject
Global
	GlobalSection(SolutionConfigurationPlatforms) = preSolution
		Debug|Any CPU = Debug|Any CPU
		Release|Any CPU = Release|Any CPU
	EndGlobalSection
	GlobalSection(ProjectConfigurationPlatforms) = postSolution
		{49AE411B-042B-44AA-B50D-7D4B4CB8050B}.Debug|Any CPU.ActiveCfg = Debug|Any CPU
		{49AE411B-042B-44AA-B50D-7D4B4CB8050B}.Debug|Any CPU.Build.0 = Debug|Any CPU
		{49AE411B-042B-44AA-B50D-7D4B4CB8050B}.Release|Any CPU.ActiveCfg = Release|Any CPU
		{49AE411B-042B-44AA-B50D-7D4B4CB8050B}.Release|Any CPU.Build.0 = Release|Any CPU
		{F5D26533-3199-4966-A2B5-A4C7A0DAE481}.Debug|Any CPU.ActiveCfg = Debug|Any CPU
		{F5D26533-3199-4966-A2B5-A4C7A0DAE481}.Debug|Any CPU.Build.0 = Debug|Any CPU
		{F5D26533-3199-4966-A2B5-A4C7A0DAE481}.Release|Any CPU.ActiveCfg = Release|Any CPU
		{F5D26533-3199-4966-A2B5-A4C7A0DAE481}.Release|Any CPU.Build.0 = Release|Any CPU
	EndGlobalSection
	GlobalSection(SolutionProperties) = preSolution
		HideSolutionNode = FALSE
	EndGlobalSection
	GlobalSection(ExtensibilityGlobals) = postSolution
		SolutionGuid = {4481290A-37E5-48A8-9C4E-64068489A04C}
	EndGlobalSection
EndGlobal
